
Microsoft Visual Studio Solution File, Format Version 12.00
# Visual Studio Version 18
VisualStudioVersion = 18.0.11217.181
MinimumVisualStudioVersion = 10.0.40219.1
Project("{FAE04EC0-301F-11D3-BF4B-00C04F79EFBC}") = "Our.Umbraco.Forms.MailChimpWorkflow", "src\v9\Our.Umbraco.Forms.MailChimpWorkflow\Our.Umbraco.Forms.MailChimpWorkflow.csproj", "{9779AC34-7808-922A-A306-EE2689B6FEE3}"
EndProject
Project("{2150E333-8FDC-42A3-9474-1A3956D46DE8}") = "src", "src", "{6DF635C6-CD90-4203-8827-800E57DA9CE3}"
EndProject
Project("{FAE04EC0-301F-11D3-BF4B-00C04F79EFBC}") = "UFMailchimpWorkFlowType", "src\v9\UFMailchimpWorkFlowType\UFMailchimpWorkFlowType.csproj", "{91B4660E-1D1A-45E3-B660-A7491DC87029}"
EndProject
Project("{2150E333-8FDC-42A3-9474-1A3956D46DE8}") = "v9", "v9", "{BDD7C587-9D75-4296-B536-967355B622EE}"
EndProject
Project("{2150E333-8FDC-42A3-9474-1A3956D46DE8}") = "v17", "v17", "{1184AD94-3C61-4380-BBFD-DBE3B1090CDB}"
EndProject
Project("{FAE04EC0-301F-11D3-BF4B-00C04F79EFBC}") = "UmbracoForm.MailChimp.WorkFlow", "src\v17\UmbracoForm.MailChimp.WorkFlow\UmbracoForm.MailChimp.WorkFlow.csproj", "{8520B2E4-73AC-411B-BCC0-493520C768F5}"
EndProject
Project("{2150E333-8FDC-42A3-9474-1A3956D46DE8}") = "Test", "Test", "{F9889EC7-0708-4A4F-98EA-CDE87EB441C2}"
EndProject
Project("{FAE04EC0-301F-11D3-BF4B-00C04F79EFBC}") = "uTheme", "uTheme\uTheme.csproj", "{12178676-C22A-49BD-AA60-144DCAC9F3A9}"
EndProject
Project("{2150E333-8FDC-42A3-9474-1A3956D46DE8}") = "docs", "docs", "{F70E7928-017A-4E82-A208-CCCECA0F26DD}"
	ProjectSection(SolutionItems) = preProject
		.gitignore = .gitignore
		LICENSE = LICENSE
		mailchimpICO.png = mailchimpICO.png
		README.md = README.md
		SECURITY.md = SECURITY.md
		umbraco-marketplace-readme.md = umbraco-marketplace-readme.md
		_config.yml = _config.yml
	EndProjectSection
EndProject
Global
	GlobalSection(SolutionConfigurationPlatforms) = preSolution
		Debug|Any CPU = Debug|Any CPU
		Release|Any CPU = Release|Any CPU
	EndGlobalSection
	GlobalSection(ProjectConfigurationPlatforms) = postSolution
		{9779AC34-7808-922A-A306-EE2689B6FEE3}.Debug|Any CPU.ActiveCfg = Debug|Any CPU
		{9779AC34-7808-922A-A306-EE2689B6FEE3}.Debug|Any CPU.Build.0 = Debug|Any CPU
		{9779AC34-7808-922A-A306-EE2689B6FEE3}.Release|Any CPU.ActiveCfg = Release|Any CPU
		{9779AC34-7808-922A-A306-EE2689B6FEE3}.Release|Any CPU.Build.0 = Release|Any CPU
		{91B4660E-1D1A-45E3-B660-A7491DC87029}.Debug|Any CPU.ActiveCfg = Debug|Any CPU
		{91B4660E-1D1A-45E3-B660-A7491DC87029}.Debug|Any CPU.Build.0 = Debug|Any CPU
		{91B4660E-1D1A-45E3-B660-A7491DC87029}.Release|Any CPU.ActiveCfg = Release|Any CPU
		{91B4660E-1D1A-45E3-B660-A7491DC87029}.Release|Any CPU.Build.0 = Release|Any CPU
		{8520B2E4-73AC-411B-BCC0-493520C768F5}.Debug|Any CPU.ActiveCfg = Debug|Any CPU
		{8520B2E4-73AC-411B-BCC0-493520C768F5}.Debug|Any CPU.Build.0 = Debug|Any CPU
		{8520B2E4-73AC-411B-BCC0-493520C768F5}.Release|Any CPU.ActiveCfg = Release|Any CPU
		{8520B2E4-73AC-411B-BCC0-493520C768F5}.Release|Any CPU.Build.0 = Release|Any CPU
		{12178676-C22A-49BD-AA60-144DCAC9F3A9}.Debug|Any CPU.ActiveCfg = Debug|Any CPU
		{12178676-C22A-49BD-AA60-144DCAC9F3A9}.Debug|Any CPU.Build.0 = Debug|Any CPU
		{12178676-C22A-49BD-AA60-144DCAC9F3A9}.Release|Any CPU.ActiveCfg = Release|Any CPU
		{12178676-C22A-49BD-AA60-144DCAC9F3A9}.Release|Any CPU.Build.0 = Release|Any CPU
	EndGlobalSection
	GlobalSection(SolutionProperties) = preSolution
		HideSolutionNode = FALSE
	EndGlobalSection
	GlobalSection(NestedProjects) = preSolution
		{9779AC34-7808-922A-A306-EE2689B6FEE3} = {BDD7C587-9D75-4296-B536-967355B622EE}
		{91B4660E-1D1A-45E3-B660-A7491DC87029} = {BDD7C587-9D75-4296-B536-967355B622EE}
		{BDD7C587-9D75-4296-B536-967355B622EE} = {6DF635C6-CD90-4203-8827-800E57DA9CE3}
		{1184AD94-3C61-4380-BBFD-DBE3B1090CDB} = {6DF635C6-CD90-4203-8827-800E57DA9CE3}
		{8520B2E4-73AC-411B-BCC0-493520C768F5} = {1184AD94-3C61-4380-BBFD-DBE3B1090CDB}
		{F9889EC7-0708-4A4F-98EA-CDE87EB441C2} = {6DF635C6-CD90-4203-8827-800E57DA9CE3}
		{12178676-C22A-49BD-AA60-144DCAC9F3A9} = {F9889EC7-0708-4A4F-98EA-CDE87EB441C2}
	EndGlobalSection
	GlobalSection(ExtensibilityGlobals) = postSolution
		SolutionGuid = {4BF71C7C-BC34-4388-95D5-D147D74BB6EC}
	EndGlobalSection
EndGlobal
